
Microsoft Visual Studio Solution File, Format Version 12.00
# Visual Studio Version 17
VisualStudioVersion = 17.13.35931.197
MinimumVisualStudioVersion = 10.0.40219.1
Project("{C9674DCB-5085-4A16-B785-4C70DD1589BD}") = "ETL Project", "ETL Project\ETL Project.dtproj", "{27F7EBE7-769C-723C-960F-75A79508CD85}"
EndProject
Global
	GlobalSection(SolutionConfigurationPlatforms) = preSolution
		Development|Default = Development|Default
	EndGlobalSection
	GlobalSection(ProjectConfigurationPlatforms) = postSolution
		{27F7EBE7-769C-723C-960F-75A79508CD85}.Development|Default.ActiveCfg = Development
		{27F7EBE7-769C-723C-960F-75A79508CD85}.Development|Default.Build.0 = Development
	EndGlobalSection
	GlobalSection(SolutionProperties) = preSolution
		HideSolutionNode = FALSE
	EndGlobalSection
	GlobalSection(ExtensibilityGlobals) = postSolution
		SolutionGuid = {CFD2776D-640A-4A21-AB07-86FD2CF6CB36}
	EndGlobalSection
EndGlobal
